// !$*UTF8*$!
{
	archiveVersion = 1;
	classes = {
	};
	objectVersion = 56;
	objects = {

/* Begin PBXBuildFile section */
		526A321529C946C400E27775 /* LoginViewController.swift in Sources */ = {isa = PBXBuildFile; fileRef = 526A321429C946C400E27775 /* LoginViewController.swift */; };
		526A321729C946D400E27775 /* Login.storyboard in Resources */ = {isa = PBXBuildFile; fileRef = 526A321629C946D400E27775 /* Login.storyboard */; };
		526A321A29C9775A00E27775 /* SignUpViewController.swift in Sources */ = {isa = PBXBuildFile; fileRef = 526A321929C9775A00E27775 /* SignUpViewController.swift */; };
		526A321C29C9776800E27775 /* SignUp.storyboard in Resources */ = {isa = PBXBuildFile; fileRef = 526A321B29C9776800E27775 /* SignUp.storyboard */; };
		5278EB6329C99BFF00C8607C /* CreatePin.storyboard in Resources */ = {isa = PBXBuildFile; fileRef = 5278EB6229C99BFF00C8607C /* CreatePin.storyboard */; };
		5278EB6629C99D0400C8607C /* CreatePinViewController.swift in Sources */ = {isa = PBXBuildFile; fileRef = 5278EB6529C99D0400C8607C /* CreatePinViewController.swift */; };
		52EA5E3A29C80D66008714AB /* AppDelegate.swift in Sources */ = {isa = PBXBuildFile; fileRef = 52EA5E3929C80D66008714AB /* AppDelegate.swift */; };
		52EA5E3C29C80D66008714AB /* SceneDelegate.swift in Sources */ = {isa = PBXBuildFile; fileRef = 52EA5E3B29C80D66008714AB /* SceneDelegate.swift */; };
		52EA5E3E29C80D66008714AB /* ViewController.swift in Sources */ = {isa = PBXBuildFile; fileRef = 52EA5E3D29C80D66008714AB /* ViewController.swift */; };
		52EA5E4129C80D66008714AB /* Main.storyboard in Resources */ = {isa = PBXBuildFile; fileRef = 52EA5E3F29C80D66008714AB /* Main.storyboard */; };
		52EA5E4329C80D69008714AB /* Assets.xcassets in Resources */ = {isa = PBXBuildFile; fileRef = 52EA5E4229C80D69008714AB /* Assets.xcassets */; };
		52EA5E4629C80D69008714AB /* LaunchScreen.storyboard in Resources */ = {isa = PBXBuildFile; fileRef = 52EA5E4429C80D69008714AB /* LaunchScreen.storyboard */; };
		52EA5E5129C80D69008714AB /* Latihan_2Tests.swift in Sources */ = {isa = PBXBuildFile; fileRef = 52EA5E5029C80D69008714AB /* Latihan_2Tests.swift */; };
		52EA5E5B29C80D69008714AB /* Latihan_2UITests.swift in Sources */ = {isa = PBXBuildFile; fileRef = 52EA5E5A29C80D69008714AB /* Latihan_2UITests.swift */; };
		52EA5E5D29C80D69008714AB /* Latihan_2UITestsLaunchTests.swift in Sources */ = {isa = PBXBuildFile; fileRef = 52EA5E5C29C80D69008714AB /* Latihan_2UITestsLaunchTests.swift */; };
		52EA5E6A29C80EC0008714AB /* FirstViewController.swift in Sources */ = {isa = PBXBuildFile; fileRef = 52EA5E6929C80EC0008714AB /* FirstViewController.swift */; };
		52EA5E6E29C80FCA008714AB /* First.storyboard in Resources */ = {isa = PBXBuildFile; fileRef = 52EA5E6D29C80FCA008714AB /* First.storyboard */; };
		52EA5E8429C83569008714AB /* Onboarding.swift in Sources */ = {isa = PBXBuildFile; fileRef = 52EA5E8329C83569008714AB /* Onboarding.swift */; };
		52EA5E8629C83BCE008714AB /* OnboardingViewCell.swift in Sources */ = {isa = PBXBuildFile; fileRef = 52EA5E8529C83BCE008714AB /* OnboardingViewCell.swift */; };
/* End PBXBuildFile section */

/* Begin PBXContainerItemProxy section */
		52EA5E4D29C80D69008714AB /* PBXContainerItemProxy */ = {
			isa = PBXContainerItemProxy;
			containerPortal = 52EA5E2E29C80D66008714AB /* Project object */;
			proxyType = 1;
			remoteGlobalIDString = 52EA5E3529C80D66008714AB;
			remoteInfo = "Latihan-2";
		};
		52EA5E5729C80D69008714AB /* PBXContainerItemProxy */ = {
			isa = PBXContainerItemProxy;
			containerPortal = 52EA5E2E29C80D66008714AB /* Project object */;
			proxyType = 1;
			remoteGlobalIDString = 52EA5E3529C80D66008714AB;
			remoteInfo = "Latihan-2";
		};
/* End PBXContainerItemProxy section */

/* Begin PBXFileReference section */
		526A321429C946C400E27775 /* LoginViewController.swift */ = {isa = PBXFileReference; lastKnownFileType = sourcecode.swift; path = LoginViewController.swift; sourceTree = "<group>"; };
		526A321629C946D400E27775 /* Login.storyboard */ = {isa = PBXFileReference; lastKnownFileType = file.storyboard; path = Login.storyboard; sourceTree = "<group>"; };
		526A321929C9775A00E27775 /* SignUpViewController.swift */ = {isa = PBXFileReference; lastKnownFileType = sourcecode.swift; path = SignUpViewController.swift; sourceTree = "<group>"; };
		526A321B29C9776800E27775 /* SignUp.storyboard */ = {isa = PBXFileReference; lastKnownFileType = file.storyboard; path = SignUp.storyboard; sourceTree = "<group>"; };
		5278EB6229C99BFF00C8607C /* CreatePin.storyboard */ = {isa = PBXFileReference; lastKnownFileType = file.storyboard; path = CreatePin.storyboard; sourceTree = "<group>"; };
		5278EB6529C99D0400C8607C /* CreatePinViewController.swift */ = {isa = PBXFileReference; lastKnownFileType = sourcecode.swift; path = CreatePinViewController.swift; sourceTree = "<group>"; };
		52EA5E3629C80D66008714AB /* Latihan-2.app */ = {isa = PBXFileReference; explicitFileType = wrapper.application; includeInIndex = 0; path = "Latihan-2.app"; sourceTree = BUILT_PRODUCTS_DIR; };
		52EA5E3929C80D66008714AB /* AppDelegate.swift */ = {isa = PBXFileReference; lastKnownFileType = sourcecode.swift; path = AppDelegate.swift; sourceTree = "<group>"; };
		52EA5E3B29C80D66008714AB /* SceneDelegate.swift */ = {isa = PBXFileReference; lastKnownFileType = sourcecode.swift; path = SceneDelegate.swift; sourceTree = "<group>"; };
		52EA5E3D29C80D66008714AB /* ViewController.swift */ = {isa = PBXFileReference; lastKnownFileType = sourcecode.swift; path = ViewController.swift; sourceTree = "<group>"; };
		52EA5E4029C80D66008714AB /* Base */ = {isa = PBXFileReference; lastKnownFileType = file.storyboard; name = Base; path = Base.lproj/Main.storyboard; sourceTree = "<group>"; };
		52EA5E4229C80D69008714AB /* Assets.xcassets */ = {isa = PBXFileReference; lastKnownFileType = folder.assetcatalog; path = Assets.xcassets; sourceTree = "<group>"; };
		52EA5E4529C80D69008714AB /* Base */ = {isa = PBXFileReference; lastKnownFileType = file.storyboard; name = Base; path = Base.lproj/LaunchScreen.storyboard; sourceTree = "<group>"; };
		52EA5E4729C80D69008714AB /* Info.plist */ = {isa = PBXFileReference; lastKnownFileType = text.plist.xml; path = Info.plist; sourceTree = "<group>"; };
		52EA5E4C29C80D69008714AB /* Latihan-2Tests.xctest */ = {isa = PBXFileReference; explicitFileType = wrapper.cfbundle; includeInIndex = 0; path = "Latihan-2Tests.xctest"; sourceTree = BUILT_PRODUCTS_DIR; };
		52EA5E5029C80D69008714AB /* Latihan_2Tests.swift */ = {isa = PBXFileReference; lastKnownFileType = sourcecode.swift; path = Latihan_2Tests.swift; sourceTree = "<group>"; };
		52EA5E5629C80D69008714AB /* Latihan-2UITests.xctest */ = {isa = PBXFileReference; explicitFileType = wrapper.cfbundle; includeInIndex = 0; path = "Latihan-2UITests.xctest"; sourceTree = BUILT_PRODUCTS_DIR; };
		52EA5E5A29C80D69008714AB /* Latihan_2UITests.swift */ = {isa = PBXFileReference; lastKnownFileType = sourcecode.swift; path = Latihan_2UITests.swift; sourceTree = "<group>"; };
		52EA5E5C29C80D69008714AB /* Latihan_2UITestsLaunchTests.swift */ = {isa = PBXFileReference; lastKnownFileType = sourcecode.swift; path = Latihan_2UITestsLaunchTests.swift; sourceTree = "<group>"; };
		52EA5E6929C80EC0008714AB /* FirstViewController.swift */ = {isa = PBXFileReference; lastKnownFileType = sourcecode.swift; path = FirstViewController.swift; sourceTree = "<group>"; };
		52EA5E6D29C80FCA008714AB /* First.storyboard */ = {isa = PBXFileReference; lastKnownFileType = file.storyboard; path = First.storyboard; sourceTree = "<group>"; };
		52EA5E8329C83569008714AB /* Onboarding.swift */ = {isa = PBXFileReference; lastKnownFileType = sourcecode.swift; path = Onboarding.swift; sourceTree = "<group>"; };
		52EA5E8529C83BCE008714AB /* OnboardingViewCell.swift */ = {isa = PBXFileReference; lastKnownFileType = sourcecode.swift; path = OnboardingViewCell.swift; sourceTree = "<group>"; };
/* End PBXFileReference section */

/* Begin PBXFrameworksBuildPhase section */
		52EA5E3329C80D66008714AB /* Frameworks */ = {
			isa = PBXFrameworksBuildPhase;
			buildActionMask = 2147483647;
			files = (
			);
			runOnlyForDeploymentPostprocessing = 0;
		};
		52EA5E4929C80D69008714AB /* Frameworks */ = {
			isa = PBXFrameworksBuildPhase;
			buildActionMask = 2147483647;
			files = (
			);
			runOnlyForDeploymentPostprocessing = 0;
		};
		52EA5E5329C80D69008714AB /* Frameworks */ = {
			isa = PBXFrameworksBuildPhase;
			buildActionMask = 2147483647;
			files = (
			);
			runOnlyForDeploymentPostprocessing = 0;
		};
/* End PBXFrameworksBuildPhase section */

/* Begin PBXGroup section */
		526A321129C9463700E27775 /* Login */ = {
			isa = PBXGroup;
			children = (
				5278EB6429C99C2300C8607C /* pin */,
				526A321429C946C400E27775 /* LoginViewController.swift */,
				526A321629C946D400E27775 /* Login.storyboard */,
			);
			path = Login;
			sourceTree = "<group>";
		};
		526A321829C9771B00E27775 /* register */ = {
			isa = PBXGroup;
			children = (
				526A321929C9775A00E27775 /* SignUpViewController.swift */,
				526A321B29C9776800E27775 /* SignUp.storyboard */,
			);
			path = register;
			sourceTree = "<group>";
		};
		5278EB6429C99C2300C8607C /* pin */ = {
			isa = PBXGroup;
			children = (
				5278EB6229C99BFF00C8607C /* CreatePin.storyboard */,
				5278EB6529C99D0400C8607C /* CreatePinViewController.swift */,
			);
			path = pin;
			sourceTree = "<group>";
		};
		52EA5E2D29C80D66008714AB = {
			isa = PBXGroup;
			children = (
				52EA5E3829C80D66008714AB /* Latihan-2 */,
				52EA5E4F29C80D69008714AB /* Latihan-2Tests */,
				52EA5E5929C80D69008714AB /* Latihan-2UITests */,
				52EA5E3729C80D66008714AB /* Products */,
			);
			sourceTree = "<group>";
		};
		52EA5E3729C80D66008714AB /* Products */ = {
			isa = PBXGroup;
			children = (
				52EA5E3629C80D66008714AB /* Latihan-2.app */,
				52EA5E4C29C80D69008714AB /* Latihan-2Tests.xctest */,
				52EA5E5629C80D69008714AB /* Latihan-2UITests.xctest */,
			);
			name = Products;
			sourceTree = "<group>";
		};
		52EA5E3829C80D66008714AB /* Latihan-2 */ = {
			isa = PBXGroup;
			children = (
				52EA5E8229C83528008714AB /* Models */,
				52EA5E6B29C80F5B008714AB /* Modules */,
				52EA5E3929C80D66008714AB /* AppDelegate.swift */,
				52EA5E3B29C80D66008714AB /* SceneDelegate.swift */,
				52EA5E4229C80D69008714AB /* Assets.xcassets */,
				52EA5E4429C80D69008714AB /* LaunchScreen.storyboard */,
				52EA5E4729C80D69008714AB /* Info.plist */,
			);
			path = "Latihan-2";
			sourceTree = "<group>";
		};
		52EA5E4F29C80D69008714AB /* Latihan-2Tests */ = {
			isa = PBXGroup;
			children = (
				52EA5E5029C80D69008714AB /* Latihan_2Tests.swift */,
			);
			path = "Latihan-2Tests";
			sourceTree = "<group>";
		};
		52EA5E5929C80D69008714AB /* Latihan-2UITests */ = {
			isa = PBXGroup;
			children = (
				52EA5E5A29C80D69008714AB /* Latihan_2UITests.swift */,
				52EA5E5C29C80D69008714AB /* Latihan_2UITestsLaunchTests.swift */,
			);
			path = "Latihan-2UITests";
			sourceTree = "<group>";
		};
		52EA5E6B29C80F5B008714AB /* Modules */ = {
			isa = PBXGroup;
			children = (
				526A321829C9771B00E27775 /* register */,
				526A321129C9463700E27775 /* Login */,
				52EA5E6F29C80FE2008714AB /* Main */,
				52EA5E6C29C80F6F008714AB /* First */,
			);
			path = Modules;
			sourceTree = "<group>";
		};
		52EA5E6C29C80F6F008714AB /* First */ = {
			isa = PBXGroup;
			children = (
				52EA5E6929C80EC0008714AB /* FirstViewController.swift */,
				52EA5E8529C83BCE008714AB /* OnboardingViewCell.swift */,
				52EA5E6D29C80FCA008714AB /* First.storyboard */,
			);
			path = First;
			sourceTree = "<group>";
		};
		52EA5E6F29C80FE2008714AB /* Main */ = {
			isa = PBXGroup;
			children = (
				52EA5E3D29C80D66008714AB /* ViewController.swift */,
				52EA5E3F29C80D66008714AB /* Main.storyboard */,
			);
			path = Main;
			sourceTree = "<group>";
		};
		52EA5E8229C83528008714AB /* Models */ = {
			isa = PBXGroup;
			children = (
				52EA5E8329C83569008714AB /* Onboarding.swift */,
			);
			path = Models;
			sourceTree = "<group>";
		};
/* End PBXGroup section */

/* Begin PBXNativeTarget section */
		52EA5E3529C80D66008714AB /* Latihan-2 */ = {
			isa = PBXNativeTarget;
			buildConfigurationList = 52EA5E6029C80D69008714AB /* Build configuration list for PBXNativeTarget "Latihan-2" */;
			buildPhases = (
				52EA5E3229C80D66008714AB /* Sources */,
				52EA5E3329C80D66008714AB /* Frameworks */,
				52EA5E3429C80D66008714AB /* Resources */,
			);
			buildRules = (
			);
			dependencies = (
			);
			name = "Latihan-2";
			productName = "Latihan-2";
			productReference = 52EA5E3629C80D66008714AB /* Latihan-2.app */;
			productType = "com.apple.product-type.application";
		};
		52EA5E4B29C80D69008714AB /* Latihan-2Tests */ = {
			isa = PBXNativeTarget;
			buildConfigurationList = 52EA5E6329C80D69008714AB /* Build configuration list for PBXNativeTarget "Latihan-2Tests" */;
			buildPhases = (
				52EA5E4829C80D69008714AB /* Sources */,
				52EA5E4929C80D69008714AB /* Frameworks */,
				52EA5E4A29C80D69008714AB /* Resources */,
			);
			buildRules = (
			);
			dependencies = (
				52EA5E4E29C80D69008714AB /* PBXTargetDependency */,
			);
			name = "Latihan-2Tests";
			productName = "Latihan-2Tests";
			productReference = 52EA5E4C29C80D69008714AB /* Latihan-2Tests.xctest */;
			productType = "com.apple.product-type.bundle.unit-test";
		};
		52EA5E5529C80D69008714AB /* Latihan-2UITests */ = {
			isa = PBXNativeTarget;
			buildConfigurationList = 52EA5E6629C80D69008714AB /* Build configuration list for PBXNativeTarget "Latihan-2UITests" */;
			buildPhases = (
				52EA5E5229C80D69008714AB /* Sources */,
				52EA5E5329C80D69008714AB /* Frameworks */,
				52EA5E5429C80D69008714AB /* Resources */,
			);
			buildRules = (
			);
			dependencies = (
				52EA5E5829C80D69008714AB /* PBXTargetDependency */,
			);
			name = "Latihan-2UITests";
			productName = "Latihan-2UITests";
			productReference = 52EA5E5629C80D69008714AB /* Latihan-2UITests.xctest */;
			productType = "com.apple.product-type.bundle.ui-testing";
		};
/* End PBXNativeTarget section */

/* Begin PBXProject section */
		52EA5E2E29C80D66008714AB /* Project object */ = {
			isa = PBXProject;
			attributes = {
				BuildIndependentTargetsInParallel = 1;
				LastSwiftUpdateCheck = 1420;
				LastUpgradeCheck = 1420;
				TargetAttributes = {
					52EA5E3529C80D66008714AB = {
						CreatedOnToolsVersion = 14.2;
					};
					52EA5E4B29C80D69008714AB = {
						CreatedOnToolsVersion = 14.2;
						TestTargetID = 52EA5E3529C80D66008714AB;
					};
					52EA5E5529C80D69008714AB = {
						CreatedOnToolsVersion = 14.2;
						TestTargetID = 52EA5E3529C80D66008714AB;
					};
				};
			};
			buildConfigurationList = 52EA5E3129C80D66008714AB /* Build configuration list for PBXProject "Latihan-2" */;
			compatibilityVersion = "Xcode 14.0";
			developmentRegion = en;
			hasScannedForEncodings = 0;
			knownRegions = (
				en,
				Base,
			);
			mainGroup = 52EA5E2D29C80D66008714AB;
			productRefGroup = 52EA5E3729C80D66008714AB /* Products */;
			projectDirPath = "";
			projectRoot = "";
			targets = (
				52EA5E3529C80D66008714AB /* Latihan-2 */,
				52EA5E4B29C80D69008714AB /* Latihan-2Tests */,
				52EA5E5529C80D69008714AB /* Latihan-2UITests */,
			);
		};
/* End PBXProject section */

/* Begin PBXResourcesBuildPhase section */
		52EA5E3429C80D66008714AB /* Resources */ = {
			isa = PBXResourcesBuildPhase;
			buildActionMask = 2147483647;
			files = (
				52EA5E4629C80D69008714AB /* LaunchScreen.storyboard in Resources */,
				52EA5E4329C80D69008714AB /* Assets.xcassets in Resources */,
				526A321C29C9776800E27775 /* SignUp.storyboard in Resources */,
				52EA5E4129C80D66008714AB /* Main.storyboard in Resources */,
				526A321729C946D400E27775 /* Login.storyboard in Resources */,
				5278EB6329C99BFF00C8607C /* CreatePin.storyboard in Resources */,
				52EA5E6E29C80FCA008714AB /* First.storyboard in Resources */,
			);
			runOnlyForDeploymentPostprocessing = 0;
		};
		52EA5E4A29C80D69008714AB /* Resources */ = {
			isa = PBXResourcesBuildPhase;
			buildActionMask = 2147483647;
			files = (
			);
			runOnlyForDeploymentPostprocessing = 0;
		};
		52EA5E5429C80D69008714AB /* Resources */ = {
			isa = PBXResourcesBuildPhase;
			buildActionMask = 2147483647;
			files = (
			);
			runOnlyForDeploymentPostprocessing = 0;
		};
/* End PBXResourcesBuildPhase section */

/* Begin PBXSourcesBuildPhase section */
		52EA5E3229C80D66008714AB /* Sources */ = {
			isa = PBXSourcesBuildPhase;
			buildActionMask = 2147483647;
			files = (
				526A321529C946C400E27775 /* LoginViewController.swift in Sources */,
				52EA5E3E29C80D66008714AB /* ViewController.swift in Sources */,
				5278EB6629C99D0400C8607C /* CreatePinViewController.swift in Sources */,
				526A321A29C9775A00E27775 /* SignUpViewController.swift in Sources */,
				52EA5E3A29C80D66008714AB /* AppDelegate.swift in Sources */,
				52EA5E3C29C80D66008714AB /* SceneDelegate.swift in Sources */,
				52EA5E6A29C80EC0008714AB /* FirstViewController.swift in Sources */,
				52EA5E8429C83569008714AB /* Onboarding.swift in Sources */,
				52EA5E8629C83BCE008714AB /* OnboardingViewCell.swift in Sources */,
			);
			runOnlyForDeploymentPostprocessing = 0;
		};
		52EA5E4829C80D69008714AB /* Sources */ = {
			isa = PBXSourcesBuildPhase;
			buildActionMask = 2147483647;
			files = (
				52EA5E5129C80D69008714AB /* Latihan_2Tests.swift in Sources */,
			);
			runOnlyForDeploymentPostprocessing = 0;
		};
		52EA5E5229C80D69008714AB /* Sources */ = {
			isa = PBXSourcesBuildPhase;
			buildActionMask = 2147483647;
			files = (
				52EA5E5B29C80D69008714AB /* Latihan_2UITests.swift in Sources */,
				52EA5E5D29C80D69008714AB /* Latihan_2UITestsLaunchTests.swift in Sources */,
			);
			runOnlyForDeploymentPostprocessing = 0;
		};
/* End PBXSourcesBuildPhase section */

/* Begin PBXTargetDependency section */
		52EA5E4E29C80D69008714AB /* PBXTargetDependency */ = {
			isa = PBXTargetDependency;
			target = 52EA5E3529C80D66008714AB /* Latihan-2 */;
			targetProxy = 52EA5E4D29C80D69008714AB /* PBXContainerItemProxy */;
		};
		52EA5E5829C80D69008714AB /* PBXTargetDependency */ = {
			isa = PBXTargetDependency;
			target = 52EA5E3529C80D66008714AB /* Latihan-2 */;
			targetProxy = 52EA5E5729C80D69008714AB /* PBXContainerItemProxy */;
		};
/* End PBXTargetDependency section */

/* Begin PBXVariantGroup section */
		52EA5E3F29C80D66008714AB /* Main.storyboard */ = {
			isa = PBXVariantGroup;
			children = (
				52EA5E4029C80D66008714AB /* Base */,
			);
			name = Main.storyboard;
			sourceTree = "<group>";
		};
		52EA5E4429C80D69008714AB /* LaunchScreen.storyboard */ = {
			isa = PBXVariantGroup;
			children = (
				52EA5E4529C80D69008714AB /* Base */,
			);
			name = LaunchScreen.storyboard;
			sourceTree = "<group>";
		};
/* End PBXVariantGroup section */

/* Begin XCBuildConfiguration section */
		52EA5E5E29C80D69008714AB /* Debug */ = {
			isa = XCBuildConfiguration;
			buildSettings = {
				ALWAYS_SEARCH_USER_PATHS = NO;
				CLANG_ANALYZER_NONNULL = YES;
				CLANG_ANALYZER_NUMBER_OBJECT_CONVERSION = YES_AGGRESSIVE;
				CLANG_CXX_LANGUAGE_STANDARD = "gnu++20";
				CLANG_ENABLE_MODULES = YES;
				CLANG_ENABLE_OBJC_ARC = YES;
				CLANG_ENABLE_OBJC_WEAK = YES;
				CLANG_WARN_BLOCK_CAPTURE_AUTORELEASING = YES;
				CLANG_WARN_BOOL_CONVERSION = YES;
				CLANG_WARN_COMMA = YES;
				CLANG_WARN_CONSTANT_CONVERSION = YES;
				CLANG_WARN_DEPRECATED_OBJC_IMPLEMENTATIONS = YES;
				CLANG_WARN_DIRECT_OBJC_ISA_USAGE = YES_ERROR;
				CLANG_WARN_DOCUMENTATION_COMMENTS = YES;
				CLANG_WARN_EMPTY_BODY = YES;
				CLANG_WARN_ENUM_CONVERSION = YES;
				CLANG_WARN_INFINITE_RECURSION = YES;
				CLANG_WARN_INT_CONVERSION = YES;
				CLANG_WARN_NON_LITERAL_NULL_CONVERSION = YES;
				CLANG_WARN_OBJC_IMPLICIT_RETAIN_SELF = YES;
				CLANG_WARN_OBJC_LITERAL_CONVERSION = YES;
				CLANG_WARN_OBJC_ROOT_CLASS = YES_ERROR;
				CLANG_WARN_QUOTED_INCLUDE_IN_FRAMEWORK_HEADER = YES;
				CLANG_WARN_RANGE_LOOP_ANALYSIS = YES;
				CLANG_WARN_STRICT_PROTOTYPES = YES;
				CLANG_WARN_SUSPICIOUS_MOVE = YES;
				CLANG_WARN_UNGUARDED_AVAILABILITY = YES_AGGRESSIVE;
				CLANG_WARN_UNREACHABLE_CODE = YES;
				CLANG_WARN__DUPLICATE_METHOD_MATCH = YES;
				COPY_PHASE_STRIP = NO;
				DEBUG_INFORMATION_FORMAT = dwarf;
				ENABLE_STRICT_OBJC_MSGSEND = YES;
				ENABLE_TESTABILITY = YES;
				GCC_C_LANGUAGE_STANDARD = gnu11;
				GCC_DYNAMIC_NO_PIC = NO;
				GCC_NO_COMMON_BLOCKS = YES;
				GCC_OPTIMIZATION_LEVEL = 0;
				GCC_PREPROCESSOR_DEFINITIONS = (
					"DEBUG=1",
					"$(inherited)",
				);
				GCC_WARN_64_TO_32_BIT_CONVERSION = YES;
				GCC_WARN_ABOUT_RETURN_TYPE = YES_ERROR;
				GCC_WARN_UNDECLARED_SELECTOR = YES;
				GCC_WARN_UNINITIALIZED_AUTOS = YES_AGGRESSIVE;
				GCC_WARN_UNUSED_FUNCTION = YES;
				GCC_WARN_UNUSED_VARIABLE = YES;
				IPHONEOS_DEPLOYMENT_TARGET = 16.2;
				MTL_ENABLE_DEBUG_INFO = INCLUDE_SOURCE;
				MTL_FAST_MATH = YES;
				ONLY_ACTIVE_ARCH = YES;
				SDKROOT = iphoneos;
				SWIFT_ACTIVE_COMPILATION_CONDITIONS = DEBUG;
				SWIFT_OPTIMIZATION_LEVEL = "-Onone";
			};
			name = Debug;
		};
		52EA5E5F29C80D69008714AB /* Release */ = {
			isa = XCBuildConfiguration;
			buildSettings = {
				ALWAYS_SEARCH_USER_PATHS = NO;
				CLANG_ANALYZER_NONNULL = YES;
				CLANG_ANALYZER_NUMBER_OBJECT_CONVERSION = YES_AGGRESSIVE;
				CLANG_CXX_LANGUAGE_STANDARD = "gnu++20";
				CLANG_ENABLE_MODULES = YES;
				CLANG_ENABLE_OBJC_ARC = YES;
				CLANG_ENABLE_OBJC_WEAK = YES;
				CLANG_WARN_BLOCK_CAPTURE_AUTORELEASING = YES;
				CLANG_WARN_BOOL_CONVERSION = YES;
				CLANG_WARN_COMMA = YES;
				CLANG_WARN_CONSTANT_CONVERSION = YES;
				CLANG_WARN_DEPRECATED_OBJC_IMPLEMENTATIONS = YES;
				CLANG_WARN_DIRECT_OBJC_ISA_USAGE = YES_ERROR;
				CLANG_WARN_DOCUMENTATION_COMMENTS = YES;
				CLANG_WARN_EMPTY_BODY = YES;
				CLANG_WARN_ENUM_CONVERSION = YES;
				CLANG_WARN_INFINITE_RECURSION = YES;
				CLANG_WARN_INT_CONVERSION = YES;
				CLANG_WARN_NON_LITERAL_NULL_CONVERSION = YES;
				CLANG_WARN_OBJC_IMPLICIT_RETAIN_SELF = YES;
				CLANG_WARN_OBJC_LITERAL_CONVERSION = YES;
				CLANG_WARN_OBJC_ROOT_CLASS = YES_ERROR;
				CLANG_WARN_QUOTED_INCLUDE_IN_FRAMEWORK_HEADER = YES;
				CLANG_WARN_RANGE_LOOP_ANALYSIS = YES;
				CLANG_WARN_STRICT_PROTOTYPES = YES;
				CLANG_WARN_SUSPICIOUS_MOVE = YES;
				CLANG_WARN_UNGUARDED_AVAILABILITY = YES_AGGRESSIVE;
				CLANG_WARN_UNREACHABLE_CODE = YES;
				CLANG_WARN__DUPLICATE_METHOD_MATCH = YES;
				COPY_PHASE_STRIP = NO;
				DEBUG_INFORMATION_FORMAT = "dwarf-with-dsym";
				ENABLE_NS_ASSERTIONS = NO;
				ENABLE_STRICT_OBJC_MSGSEND = YES;
				GCC_C_LANGUAGE_STANDARD = gnu11;
				GCC_NO_COMMON_BLOCKS = YES;
				GCC_WARN_64_TO_32_BIT_CONVERSION = YES;
				GCC_WARN_ABOUT_RETURN_TYPE = YES_ERROR;
				GCC_WARN_UNDECLARED_SELECTOR = YES;
				GCC_WARN_UNINITIALIZED_AUTOS = YES_AGGRESSIVE;
				GCC_WARN_UNUSED_FUNCTION = YES;
				GCC_WARN_UNUSED_VARIABLE = YES;
				IPHONEOS_DEPLOYMENT_TARGET = 16.2;
				MTL_ENABLE_DEBUG_INFO = NO;
				MTL_FAST_MATH = YES;
				SDKROOT = iphoneos;
				SWIFT_COMPILATION_MODE = wholemodule;
				SWIFT_OPTIMIZATION_LEVEL = "-O";
				VALIDATE_PRODUCT = YES;
			};
			name = Release;
		};
		52EA5E6129C80D69008714AB /* Debug */ = {
			isa = XCBuildConfiguration;
			buildSettings = {
				ASSETCATALOG_COMPILER_APPICON_NAME = AppIcon;
				ASSETCATALOG_COMPILER_GLOBAL_ACCENT_COLOR_NAME = AccentColor;
				CODE_SIGN_STYLE = Automatic;
				CURRENT_PROJECT_VERSION = 1;
				GENERATE_INFOPLIST_FILE = YES;
				INFOPLIST_FILE = "Latihan-2/Info.plist";
				INFOPLIST_KEY_UIApplicationSupportsIndirectInputEvents = YES;
				INFOPLIST_KEY_UILaunchStoryboardName = LaunchScreen;
				INFOPLIST_KEY_UIMainStoryboardFile = First;
				INFOPLIST_KEY_UISupportedInterfaceOrientations_iPad = "UIInterfaceOrientationPortrait UIInterfaceOrientationPortraitUpsideDown UIInterfaceOrientationLandscapeLeft UIInterfaceOrientationLandscapeRight";
				INFOPLIST_KEY_UISupportedInterfaceOrientations_iPhone = "UIInterfaceOrientationPortrait UIInterfaceOrientationLandscapeLeft UIInterfaceOrientationLandscapeRight";
				IPHONEOS_DEPLOYMENT_TARGET = 13.0;
				LD_RUNPATH_SEARCH_PATHS = (
					"$(inherited)",
					"@executable_path/Frameworks",
				);
				MARKETING_VERSION = 1.0;
				PRODUCT_BUNDLE_IDENTIFIER = "com.iswift.Latihan-2";
				PRODUCT_NAME = "$(TARGET_NAME)";
				SWIFT_EMIT_LOC_STRINGS = YES;
				SWIFT_VERSION = 5.0;
				TARGETED_DEVICE_FAMILY = "1,2";
			};
			name = Debug;
		};
		52EA5E6229C80D69008714AB /* Release */ = {
			isa = XCBuildConfiguration;
			buildSettings = {
				ASSETCATALOG_COMPILER_APPICON_NAME = AppIcon;
				ASSETCATALOG_COMPILER_GLOBAL_ACCENT_COLOR_NAME = AccentColor;
				CODE_SIGN_STYLE = Automatic;
				CURRENT_PROJECT_VERSION = 1;
				GENERATE_INFOPLIST_FILE = YES;
				INFOPLIST_FILE = "Latihan-2/Info.plist";
				INFOPLIST_KEY_UIApplicationSupportsIndirectInputEvents = YES;
				INFOPLIST_KEY_UILaunchStoryboardName = LaunchScreen;
				INFOPLIST_KEY_UIMainStoryboardFile = First;
				INFOPLIST_KEY_UISupportedInterfaceOrientations_iPad = "UIInterfaceOrientationPortrait UIInterfaceOrientationPortraitUpsideDown UIInterfaceOrientationLandscapeLeft UIInterfaceOrientationLandscapeRight";
				INFOPLIST_KEY_UISupportedInterfaceOrientations_iPhone = "UIInterfaceOrientationPortrait UIInterfaceOrientationLandscapeLeft UIInterfaceOrientationLandscapeRight";
				IPHONEOS_DEPLOYMENT_TARGET = 13.0;
				LD_RUNPATH_SEARCH_PATHS = (
					"$(inherited)",
					"@executable_path/Frameworks",
				);
				MARKETING_VERSION = 1.0;
				PRODUCT_BUNDLE_IDENTIFIER = "com.iswift.Latihan-2";
				PRODUCT_NAME = "$(TARGET_NAME)";
				SWIFT_EMIT_LOC_STRINGS = YES;
				SWIFT_VERSION = 5.0;
				TARGETED_DEVICE_FAMILY = "1,2";
			};
			name = Release;
		};
		52EA5E6429C80D69008714AB /* Debug */ = {
			isa = XCBuildConfiguration;
			buildSettings = {
				ALWAYS_EMBED_SWIFT_STANDARD_LIBRARIES = YES;
				BUNDLE_LOADER = "$(TEST_HOST)";
				CODE_SIGN_STYLE = Automatic;
				CURRENT_PROJECT_VERSION = 1;
				GENERATE_INFOPLIST_FILE = YES;
				IPHONEOS_DEPLOYMENT_TARGET = 16.2;
				MARKETING_VERSION = 1.0;
				PRODUCT_BUNDLE_IDENTIFIER = "com.iswift.Latihan-2Tests";
				PRODUCT_NAME = "$(TARGET_NAME)";
				SWIFT_EMIT_LOC_STRINGS = NO;
				SWIFT_VERSION = 5.0;
				TARGETED_DEVICE_FAMILY = "1,2";
				TEST_HOST = "$(BUILT_PRODUCTS_DIR)/Latihan-2.app/$(BUNDLE_EXECUTABLE_FOLDER_PATH)/Latihan-2";
			};
			name = Debug;
		};
		52EA5E6529C80D69008714AB /* Release */ = {
			isa = XCBuildConfiguration;
			buildSettings = {
				ALWAYS_EMBED_SWIFT_STANDARD_LIBRARIES = YES;
				BUNDLE_LOADER = "$(TEST_HOST)";
				CODE_SIGN_STYLE = Automatic;
				CURRENT_PROJECT_VERSION = 1;
				GENERATE_INFOPLIST_FILE = YES;
				IPHONEOS_DEPLOYMENT_TARGET = 16.2;
				MARKETING_VERSION = 1.0;
				PRODUCT_BUNDLE_IDENTIFIER = "com.iswift.Latihan-2Tests";
				PRODUCT_NAME = "$(TARGET_NAME)";
				SWIFT_EMIT_LOC_STRINGS = NO;
				SWIFT_VERSION = 5.0;
				TARGETED_DEVICE_FAMILY = "1,2";
				TEST_HOST = "$(BUILT_PRODUCTS_DIR)/Latihan-2.app/$(BUNDLE_EXECUTABLE_FOLDER_PATH)/Latihan-2";
			};
			name = Release;
		};
		52EA5E6729C80D69008714AB /* Debug */ = {
			isa = XCBuildConfiguration;
			buildSettings = {
				ALWAYS_EMBED_SWIFT_STANDARD_LIBRARIES = YES;
				CODE_SIGN_STYLE = Automatic;
				CURRENT_PROJECT_VERSION = 1;
				GENERATE_INFOPLIST_FILE = YES;
				MARKETING_VERSION = 1.0;
				PRODUCT_BUNDLE_IDENTIFIER = "com.iswift.Latihan-2UITests";
				PRODUCT_NAME = "$(TARGET_NAME)";
				SWIFT_EMIT_LOC_STRINGS = NO;
				SWIFT_VERSION = 5.0;
				TARGETED_DEVICE_FAMILY = "1,2";
				TEST_TARGET_NAME = "Latihan-2";
			};
			name = Debug;
		};
		52EA5E6829C80D69008714AB /* Release */ = {
			isa = XCBuildConfiguration;
			buildSettings = {
				ALWAYS_EMBED_SWIFT_STANDARD_LIBRARIES = YES;
				CODE_SIGN_STYLE = Automatic;
				CURRENT_PROJECT_VERSION = 1;
				GENERATE_INFOPLIST_FILE = YES;
				MARKETING_VERSION = 1.0;
				PRODUCT_BUNDLE_IDENTIFIER = "com.iswift.Latihan-2UITests";
				PRODUCT_NAME = "$(TARGET_NAME)";
				SWIFT_EMIT_LOC_STRINGS = NO;
				SWIFT_VERSION = 5.0;
				TARGETED_DEVICE_FAMILY = "1,2";
				TEST_TARGET_NAME = "Latihan-2";
			};
			name = Release;
		};
/* End XCBuildConfiguration section */

/* Begin XCConfigurationList section */
		52EA5E3129C80D66008714AB /* Build configuration list for PBXProject "Latihan-2" */ = {
			isa = XCConfigurationList;
			buildConfigurations = (
				52EA5E5E29C80D69008714AB /* Debug */,
				52EA5E5F29C80D69008714AB /* Release */,
			);
			defaultConfigurationIsVisible = 0;
			defaultConfigurationName = Release;
		};
		52EA5E6029C80D69008714AB /* Build configuration list for PBXNativeTarget "Latihan-2" */ = {
			isa = XCConfigurationList;
			buildConfigurations = (
				52EA5E6129C80D69008714AB /* Debug */,
				52EA5E6229C80D69008714AB /* Release */,
			);
			defaultConfigurationIsVisible = 0;
			defaultConfigurationName = Release;
		};
		52EA5E6329C80D69008714AB /* Build configuration list for PBXNativeTarget "Latihan-2Tests" */ = {
			isa = XCConfigurationList;
			buildConfigurations = (
				52EA5E6429C80D69008714AB /* Debug */,
				52EA5E6529C80D69008714AB /* Release */,
			);
			defaultConfigurationIsVisible = 0;
			defaultConfigurationName = Release;
		};
		52EA5E6629C80D69008714AB /* Build configuration list for PBXNativeTarget "Latihan-2UITests" */ = {
			isa = XCConfigurationList;
			buildConfigurations = (
				52EA5E6729C80D69008714AB /* Debug */,
				52EA5E6829C80D69008714AB /* Release */,
			);
			defaultConfigurationIsVisible = 0;
			defaultConfigurationName = Release;
		};
/* End XCConfigurationList section */
	};
	rootObject = 52EA5E2E29C80D66008714AB /* Project object */;
}
